
Microsoft Visual Studio Solution File, Format Version 12.00
# Visual Studio 2013
VisualStudioVersion = 12.0.30723.0
MinimumVisualStudioVersion = 10.0.40219.1
Project("{9092AA53-FB77-4645-B42D-1CCCA6BD08BD}") = "InhouseBot", "InhouseBot.njsproj", "{BAD3387E-6EF4-42CE-A6EE-1BD3F08502BA}"
EndProject
Global
	GlobalSection(SolutionConfigurationPlatforms) = preSolution
		Debug|Any CPU = Debug|Any CPU
		Release|Any CPU = Release|Any CPU
	EndGlobalSection
	GlobalSection(ProjectConfigurationPlatforms) = postSolution
		{BAD3387E-6EF4-42CE-A6EE-1BD3F08502BA}.Debug|Any CPU.ActiveCfg = Debug|Any CPU
		{BAD3387E-6EF4-42CE-A6EE-1BD3F08502BA}.Debug|Any CPU.Build.0 = Debug|Any CPU
		{BAD3387E-6EF4-42CE-A6EE-1BD3F08502BA}.Release|Any CPU.ActiveCfg = Release|Any CPU
		{BAD3387E-6EF4-42CE-A6EE-1BD3F08502BA}.Release|Any CPU.Build.0 = Release|Any CPU
	EndGlobalSection
	GlobalSection(SolutionProperties) = preSolution
		HideSolutionNode = FALSE
	EndGlobalSection
EndGlobal
